github.com/studio-b12/gowebdav v0.9.0 h1:1j1sc9gQnNxbXXM4M/CebPOX4aXYtr7MojAVcN4dHjU=
github.com/studio-b12/gowebdav v0.9.0/go.mod h1:bHA7t77X/QFExdeAnDzK6vKM34kEZAcE1OX4MfiwjkE=
golang.org/x/net v0.27.0 h1:5K3Njcw06/l2y9vpGCSdcxWOYHOUk3dVNGDXN+FvAys=
golang.org/x/net v0.27.0/go.mod h1:dDi0PyhWNoiUOrAS8uXv/vnScO4wnHQO4mj9fn/RytE=
